
Microsoft Visual Studio Solution File, Format Version 12.00
# Visual Studio 15
VisualStudioVersion = 15.0.27703.2042
MinimumVisualStudioVersion = 10.0.40219.1
Project("{FAE04EC0-301F-11D3-BF4B-00C04F79EFBC}") = "ParametrizedRequest", "RequestWithParameters\ParametrizedRequest.csproj", "{2A022192-5877-43FD-840F-52584E77D667}"
EndProject
Global
	GlobalSection(SolutionConfigurationPlatforms) = preSolution
		Debug|Any CPU = Debug|Any CPU
		Release|Any CPU = Release|Any CPU
	EndGlobalSection
	GlobalSection(ProjectConfigurationPlatforms) = postSolution
		{2A022192-5877-43FD-840F-52584E77D667}.Debug|Any CPU.ActiveCfg = Debug|Any CPU
		{2A022192-5877-43FD-840F-52584E77D667}.Debug|Any CPU.Build.0 = Debug|Any CPU
		{2A022192-5877-43FD-840F-52584E77D667}.Release|Any CPU.ActiveCfg = Release|Any CPU
		{2A022192-5877-43FD-840F-52584E77D667}.Release|Any CPU.Build.0 = Release|Any CPU
	EndGlobalSection
	GlobalSection(SolutionProperties) = preSolution
		HideSolutionNode = FALSE
	EndGlobalSection
	GlobalSection(ExtensibilityGlobals) = postSolution
		SolutionGuid = {2866E9BA-3AAA-4572-8A6A-A1B66C9856A1}
	EndGlobalSection
EndGlobal
